// !$*UTF8*$!
{
	archiveVersion = 1;
	classes = {
	};
	objectVersion = 51;
	objects = {

/* Begin PBXBuildFile section */
		714118E2EB67DC8F021F0E98 /* Pods_ChatOfMiddleEarth.framework in Frameworks */ = {isa = PBXBuildFile; fileRef = 1DE5AB3A555F8A473766026A /* Pods_ChatOfMiddleEarth.framework */; };
		EDB5272D24DF688000BE93C4 /* LoginView.xib in Resources */ = {isa = PBXBuildFile; fileRef = EDB5272C24DF688000BE93C4 /* LoginView.xib */; };
		EDB5272F24DF690C00BE93C4 /* LoginView.swift in Sources */ = {isa = PBXBuildFile; fileRef = EDB5272E24DF690C00BE93C4 /* LoginView.swift */; };
		EDB5273124DF6DBC00BE93C4 /* LoginViewController.swift in Sources */ = {isa = PBXBuildFile; fileRef = EDB5273024DF6DBC00BE93C4 /* LoginViewController.swift */; };
		EDB5273324DF6DD900BE93C4 /* LoginPresenter.swift in Sources */ = {isa = PBXBuildFile; fileRef = EDB5273224DF6DD900BE93C4 /* LoginPresenter.swift */; };
		EDB5273624DF6FF700BE93C4 /* Coordinator.swift in Sources */ = {isa = PBXBuildFile; fileRef = EDB5273524DF6FF700BE93C4 /* Coordinator.swift */; };
		EDB5273824DF701200BE93C4 /* MainCoordinator.swift in Sources */ = {isa = PBXBuildFile; fileRef = EDB5273724DF701200BE93C4 /* MainCoordinator.swift */; };
		EDB5274224DF760B00BE93C4 /* ViewControllersFactory.swift in Sources */ = {isa = PBXBuildFile; fileRef = EDB5274124DF760B00BE93C4 /* ViewControllersFactory.swift */; };
		EDBC48E424DFB3BE00E26BA1 /* Domain.framework in Frameworks */ = {isa = PBXBuildFile; fileRef = EDBC48E324DFB3BE00E26BA1 /* Domain.framework */; };
		EDBC48E524DFB3BE00E26BA1 /* Domain.framework in Embed Frameworks */ = {isa = PBXBuildFile; fileRef = EDBC48E324DFB3BE00E26BA1 /* Domain.framework */; settings = {ATTRIBUTES = (CodeSignOnCopy, RemoveHeadersOnCopy, ); }; };
		EDD9978924DA1F1400B88B28 /* AppDelegate.swift in Sources */ = {isa = PBXBuildFile; fileRef = EDD9978824DA1F1400B88B28 /* AppDelegate.swift */; };
		EDD9978B24DA1F1400B88B28 /* SceneDelegate.swift in Sources */ = {isa = PBXBuildFile; fileRef = EDD9978A24DA1F1400B88B28 /* SceneDelegate.swift */; };
		EDD9979224DA1F1900B88B28 /* Assets.xcassets in Resources */ = {isa = PBXBuildFile; fileRef = EDD9979124DA1F1900B88B28 /* Assets.xcassets */; };
		EDD9979524DA1F1900B88B28 /* LaunchScreen.storyboard in Resources */ = {isa = PBXBuildFile; fileRef = EDD9979324DA1F1900B88B28 /* LaunchScreen.storyboard */; };
/* End PBXBuildFile section */

/* Begin PBXCopyFilesBuildPhase section */
		EDBC48E624DFB3BE00E26BA1 /* Embed Frameworks */ = {
			isa = PBXCopyFilesBuildPhase;
			buildActionMask = 2147483647;
			dstPath = "";
			dstSubfolderSpec = 10;
			files = (
				EDBC48E524DFB3BE00E26BA1 /* Domain.framework in Embed Frameworks */,
			);
			name = "Embed Frameworks";
			runOnlyForDeploymentPostprocessing = 0;
		};
/* End PBXCopyFilesBuildPhase section */

/* Begin PBXFileReference section */
		1DE5AB3A555F8A473766026A /* Pods_ChatOfMiddleEarth.framework */ = {isa = PBXFileReference; explicitFileType = wrapper.framework; includeInIndex = 0; path = Pods_ChatOfMiddleEarth.framework; sourceTree = BUILT_PRODUCTS_DIR; };
		D393D784A9163F42D3080E4E /* Pods-ChatOfMiddleEarth.debug.xcconfig */ = {isa = PBXFileReference; includeInIndex = 1; lastKnownFileType = text.xcconfig; name = "Pods-ChatOfMiddleEarth.debug.xcconfig"; path = "Target Support Files/Pods-ChatOfMiddleEarth/Pods-ChatOfMiddleEarth.debug.xcconfig"; sourceTree = "<group>"; };
		EDB5272C24DF688000BE93C4 /* LoginView.xib */ = {isa = PBXFileReference; lastKnownFileType = file.xib; path = LoginView.xib; sourceTree = "<group>"; };
		EDB5272E24DF690C00BE93C4 /* LoginView.swift */ = {isa = PBXFileReference; lastKnownFileType = sourcecode.swift; path = LoginView.swift; sourceTree = "<group>"; };
		EDB5273024DF6DBC00BE93C4 /* LoginViewController.swift */ = {isa = PBXFileReference; lastKnownFileType = sourcecode.swift; path = LoginViewController.swift; sourceTree = "<group>"; };
		EDB5273224DF6DD900BE93C4 /* LoginPresenter.swift */ = {isa = PBXFileReference; lastKnownFileType = sourcecode.swift; path = LoginPresenter.swift; sourceTree = "<group>"; };
		EDB5273524DF6FF700BE93C4 /* Coordinator.swift */ = {isa = PBXFileReference; lastKnownFileType = sourcecode.swift; path = Coordinator.swift; sourceTree = "<group>"; };
		EDB5273724DF701200BE93C4 /* MainCoordinator.swift */ = {isa = PBXFileReference; lastKnownFileType = sourcecode.swift; path = MainCoordinator.swift; sourceTree = "<group>"; };
		EDB5274124DF760B00BE93C4 /* ViewControllersFactory.swift */ = {isa = PBXFileReference; lastKnownFileType = sourcecode.swift; path = ViewControllersFactory.swift; sourceTree = "<group>"; };
		EDBC48E324DFB3BE00E26BA1 /* Domain.framework */ = {isa = PBXFileReference; explicitFileType = wrapper.framework; path = Domain.framework; sourceTree = BUILT_PRODUCTS_DIR; };
		EDD9978524DA1F1400B88B28 /* ChatOfMiddleEarth.app */ = {isa = PBXFileReference; explicitFileType = wrapper.application; includeInIndex = 0; path = ChatOfMiddleEarth.app; sourceTree = BUILT_PRODUCTS_DIR; };
		EDD9978824DA1F1400B88B28 /* AppDelegate.swift */ = {isa = PBXFileReference; lastKnownFileType = sourcecode.swift; path = AppDelegate.swift; sourceTree = "<group>"; };
		EDD9978A24DA1F1400B88B28 /* SceneDelegate.swift */ = {isa = PBXFileReference; lastKnownFileType = sourcecode.swift; path = SceneDelegate.swift; sourceTree = "<group>"; };
		EDD9979124DA1F1900B88B28 /* Assets.xcassets */ = {isa = PBXFileReference; lastKnownFileType = folder.assetcatalog; path = Assets.xcassets; sourceTree = "<group>"; };
		EDD9979424DA1F1900B88B28 /* Base */ = {isa = PBXFileReference; lastKnownFileType = file.storyboard; name = Base; path = Base.lproj/LaunchScreen.storyboard; sourceTree = "<group>"; };
		EDD9979624DA1F1900B88B28 /* Info.plist */ = {isa = PBXFileReference; lastKnownFileType = text.plist.xml; path = Info.plist; sourceTree = "<group>"; };
		FDBBF43BFFCF23818D9314CB /* Pods-ChatOfMiddleEarth.release.xcconfig */ = {isa = PBXFileReference; includeInIndex = 1; lastKnownFileType = text.xcconfig; name = "Pods-ChatOfMiddleEarth.release.xcconfig"; path = "Target Support Files/Pods-ChatOfMiddleEarth/Pods-ChatOfMiddleEarth.release.xcconfig"; sourceTree = "<group>"; };
/* End PBXFileReference section */

/* Begin PBXFrameworksBuildPhase section */
		EDD9978224DA1F1400B88B28 /* Frameworks */ = {
			isa = PBXFrameworksBuildPhase;
			buildActionMask = 2147483647;
			files = (
				EDBC48E424DFB3BE00E26BA1 /* Domain.framework in Frameworks */,
				714118E2EB67DC8F021F0E98 /* Pods_ChatOfMiddleEarth.framework in Frameworks */,
			);
			runOnlyForDeploymentPostprocessing = 0;
		};
/* End PBXFrameworksBuildPhase section */

/* Begin PBXGroup section */
		888C84616973B914405985BB /* Frameworks */ = {
			isa = PBXGroup;
			children = (
				EDBC48E324DFB3BE00E26BA1 /* Domain.framework */,
				1DE5AB3A555F8A473766026A /* Pods_ChatOfMiddleEarth.framework */,
			);
			name = Frameworks;
			sourceTree = "<group>";
		};
		8AF28F08DE1657BB02B91335 /* Pods */ = {
			isa = PBXGroup;
			children = (
				D393D784A9163F42D3080E4E /* Pods-ChatOfMiddleEarth.debug.xcconfig */,
				FDBBF43BFFCF23818D9314CB /* Pods-ChatOfMiddleEarth.release.xcconfig */,
			);
			path = Pods;
			sourceTree = "<group>";
		};
		EDB5271C24DF63F000BE93C4 /* Screens */ = {
			isa = PBXGroup;
			children = (
				EDB5271D24DF63FB00BE93C4 /* Login */,
				EDB5271E24DF646A00BE93C4 /* Fellowship */,
				EDB5271F24DF648D00BE93C4 /* Chat */,
			);
			path = Screens;
			sourceTree = "<group>";
		};
		EDB5271D24DF63FB00BE93C4 /* Login */ = {
			isa = PBXGroup;
			children = (
				EDB5272024DF64C700BE93C4 /* View */,
				EDB5273024DF6DBC00BE93C4 /* LoginViewController.swift */,
				EDB5273224DF6DD900BE93C4 /* LoginPresenter.swift */,
			);
			path = Login;
			sourceTree = "<group>";
		};
		EDB5271E24DF646A00BE93C4 /* Fellowship */ = {
			isa = PBXGroup;
			children = (
				EDB5272124DF64D500BE93C4 /* View */,
			);
			path = Fellowship;
			sourceTree = "<group>";
		};
		EDB5271F24DF648D00BE93C4 /* Chat */ = {
			isa = PBXGroup;
			children = (
				EDB5272224DF64DB00BE93C4 /* View */,
			);
			path = Chat;
			sourceTree = "<group>";
		};
		EDB5272024DF64C700BE93C4 /* View */ = {
			isa = PBXGroup;
			children = (
				EDB5272C24DF688000BE93C4 /* LoginView.xib */,
				EDB5272E24DF690C00BE93C4 /* LoginView.swift */,
			);
			path = View;
			sourceTree = "<group>";
		};
		EDB5272124DF64D500BE93C4 /* View */ = {
			isa = PBXGroup;
			children = (
			);
			path = View;
			sourceTree = "<group>";
		};
		EDB5272224DF64DB00BE93C4 /* View */ = {
			isa = PBXGroup;
			children = (
			);
			path = View;
			sourceTree = "<group>";
		};
		EDB5273424DF6FA300BE93C4 /* Coordinators */ = {
			isa = PBXGroup;
			children = (
				EDB5273524DF6FF700BE93C4 /* Coordinator.swift */,
				EDB5273724DF701200BE93C4 /* MainCoordinator.swift */,
			);
			path = Coordinators;
			sourceTree = "<group>";
		};
		EDB5273E24DF75C800BE93C4 /* Factories */ = {
			isa = PBXGroup;
			children = (
				EDB5274124DF760B00BE93C4 /* ViewControllersFactory.swift */,
			);
			path = Factories;
			sourceTree = "<group>";
		};
		EDD9977C24DA1F1400B88B28 = {
			isa = PBXGroup;
			children = (
				EDD9978724DA1F1400B88B28 /* ChatOfMiddleEarth */,
				EDD9978624DA1F1400B88B28 /* Products */,
				8AF28F08DE1657BB02B91335 /* Pods */,
				888C84616973B914405985BB /* Frameworks */,
			);
			sourceTree = "<group>";
		};
		EDD9978624DA1F1400B88B28 /* Products */ = {
			isa = PBXGroup;
			children = (
				EDD9978524DA1F1400B88B28 /* ChatOfMiddleEarth.app */,
			);
			name = Products;
			sourceTree = "<group>";
		};
		EDD9978724DA1F1400B88B28 /* ChatOfMiddleEarth */ = {
			isa = PBXGroup;
			children = (
				EDD9978824DA1F1400B88B28 /* AppDelegate.swift */,
				EDD9978A24DA1F1400B88B28 /* SceneDelegate.swift */,
				EDB5273E24DF75C800BE93C4 /* Factories */,
				EDB5273424DF6FA300BE93C4 /* Coordinators */,
				EDB5271C24DF63F000BE93C4 /* Screens */,
				EDD9979124DA1F1900B88B28 /* Assets.xcassets */,
				EDD9979324DA1F1900B88B28 /* LaunchScreen.storyboard */,
				EDD9979624DA1F1900B88B28 /* Info.plist */,
			);
			path = ChatOfMiddleEarth;
			sourceTree = "<group>";
		};
/* End PBXGroup section */

/* Begin PBXNativeTarget section */
		EDD9978424DA1F1400B88B28 /* ChatOfMiddleEarth */ = {
			isa = PBXNativeTarget;
			buildConfigurationList = EDD9979924DA1F1A00B88B28 /* Build configuration list for PBXNativeTarget "ChatOfMiddleEarth" */;
			buildPhases = (
				098F770ACBEA562729545478 /* [CP] Check Pods Manifest.lock */,
				EDD9978124DA1F1400B88B28 /* Sources */,
				EDD9978224DA1F1400B88B28 /* Frameworks */,
				EDD9978324DA1F1400B88B28 /* Resources */,
				E780CC768FC0D27A18B56A1D /* [CP] Embed Pods Frameworks */,
				EDBC48E624DFB3BE00E26BA1 /* Embed Frameworks */,
			);
			buildRules = (
			);
			dependencies = (
			);
			name = ChatOfMiddleEarth;
			productName = ChatOfMiddleEarth;
			productReference = EDD9978524DA1F1400B88B28 /* ChatOfMiddleEarth.app */;
			productType = "com.apple.product-type.application";
		};
/* End PBXNativeTarget section */

/* Begin PBXProject section */
		EDD9977D24DA1F1400B88B28 /* Project object */ = {
			isa = PBXProject;
			attributes = {
				LastSwiftUpdateCheck = 1150;
				LastUpgradeCheck = 1150;
				ORGANIZATIONNAME = "Guilherme Araujo";
				TargetAttributes = {
					EDD9978424DA1F1400B88B28 = {
						CreatedOnToolsVersion = 11.5;
					};
				};
			};
			buildConfigurationList = EDD9978024DA1F1400B88B28 /* Build configuration list for PBXProject "ChatOfMiddleEarth" */;
			compatibilityVersion = "Xcode 9.3";
			developmentRegion = en;
			hasScannedForEncodings = 0;
			knownRegions = (
				en,
				Base,
			);
			mainGroup = EDD9977C24DA1F1400B88B28;
			productRefGroup = EDD9978624DA1F1400B88B28 /* Products */;
			projectDirPath = "";
			projectRoot = "";
			targets = (
				EDD9978424DA1F1400B88B28 /* ChatOfMiddleEarth */,
			);
		};
/* End PBXProject section */

/* Begin PBXResourcesBuildPhase section */
		EDD9978324DA1F1400B88B28 /* Resources */ = {
			isa = PBXResourcesBuildPhase;
			buildActionMask = 2147483647;
			files = (
				EDD9979524DA1F1900B88B28 /* LaunchScreen.storyboard in Resources */,
				EDD9979224DA1F1900B88B28 /* Assets.xcassets in Resources */,
				EDB5272D24DF688000BE93C4 /* LoginView.xib in Resources */,
			);
			runOnlyForDeploymentPostprocessing = 0;
		};
/* End PBXResourcesBuildPhase section */

/* Begin PBXShellScriptBuildPhase section */
		098F770ACBEA562729545478 /* [CP] Check Pods Manifest.lock */ = {
			isa = PBXShellScriptBuildPhase;
			buildActionMask = 2147483647;
			files = (
			);
			inputFileListPaths = (
			);
			inputPaths = (
				"${PODS_PODFILE_DIR_PATH}/Podfile.lock",
				"${PODS_ROOT}/Manifest.lock",
			);
			name = "[CP] Check Pods Manifest.lock";
			outputFileListPaths = (
			);
			outputPaths = (
				"$(DERIVED_FILE_DIR)/Pods-ChatOfMiddleEarth-checkManifestLockResult.txt",
			);
			runOnlyForDeploymentPostprocessing = 0;
			shellPath = /bin/sh;
			shellScript = "diff \"${PODS_PODFILE_DIR_PATH}/Podfile.lock\" \"${PODS_ROOT}/Manifest.lock\" > /dev/null\nif [ $? != 0 ] ; then\n    # print error to STDERR\n    echo \"error: The sandbox is not in sync with the Podfile.lock. Run 'pod install' or update your CocoaPods installation.\" >&2\n    exit 1\nfi\n# This output is used by Xcode 'outputs' to avoid re-running this script phase.\necho \"SUCCESS\" > \"${SCRIPT_OUTPUT_FILE_0}\"\n";
			showEnvVarsInLog = 0;
		};
		E780CC768FC0D27A18B56A1D /* [CP] Embed Pods Frameworks */ = {
			isa = PBXShellScriptBuildPhase;
			buildActionMask = 2147483647;
			files = (
			);
			inputFileListPaths = (
				"${PODS_ROOT}/Target Support Files/Pods-ChatOfMiddleEarth/Pods-ChatOfMiddleEarth-frameworks-${CONFIGURATION}-input-files.xcfilelist",
			);
			name = "[CP] Embed Pods Frameworks";
			outputFileListPaths = (
				"${PODS_ROOT}/Target Support Files/Pods-ChatOfMiddleEarth/Pods-ChatOfMiddleEarth-frameworks-${CONFIGURATION}-output-files.xcfilelist",
			);
			runOnlyForDeploymentPostprocessing = 0;
			shellPath = /bin/sh;
			shellScript = "\"${PODS_ROOT}/Target Support Files/Pods-ChatOfMiddleEarth/Pods-ChatOfMiddleEarth-frameworks.sh\"\n";
			showEnvVarsInLog = 0;
		};
/* End PBXShellScriptBuildPhase section */

/* Begin PBXSourcesBuildPhase section */
		EDD9978124DA1F1400B88B28 /* Sources */ = {
			isa = PBXSourcesBuildPhase;
			buildActionMask = 2147483647;
			files = (
				EDB5273324DF6DD900BE93C4 /* LoginPresenter.swift in Sources */,
				EDB5274224DF760B00BE93C4 /* ViewControllersFactory.swift in Sources */,
				EDB5273824DF701200BE93C4 /* MainCoordinator.swift in Sources */,
				EDD9978924DA1F1400B88B28 /* AppDelegate.swift in Sources */,
				EDB5272F24DF690C00BE93C4 /* LoginView.swift in Sources */,
				EDB5273124DF6DBC00BE93C4 /* LoginViewController.swift in Sources */,
				EDD9978B24DA1F1400B88B28 /* SceneDelegate.swift in Sources */,
				EDB5273624DF6FF700BE93C4 /* Coordinator.swift in Sources */,
			);
			runOnlyForDeploymentPostprocessing = 0;
		};
/* End PBXSourcesBuildPhase section */

/* Begin PBXVariantGroup section */
		EDD9979324DA1F1900B88B28 /* LaunchScreen.storyboard */ = {
			isa = PBXVariantGroup;
			children = (
				EDD9979424DA1F1900B88B28 /* Base */,
			);
			name = LaunchScreen.storyboard;
			sourceTree = "<group>";
		};
/* End PBXVariantGroup section */

/* Begin XCBuildConfiguration section */
		EDD9979724DA1F1A00B88B28 /* Debug */ = {
			isa = XCBuildConfiguration;
			buildSettings = {
				ALWAYS_SEARCH_USER_PATHS = NO;
				CLANG_ANALYZER_NONNULL = YES;
				CLANG_ANALYZER_NUMBER_OBJECT_CONVERSION = YES_AGGRESSIVE;
				CLANG_CXX_LANGUAGE_STANDARD = "gnu++14";
				CLANG_CXX_LIBRARY = "libc++";
				CLANG_ENABLE_MODULES = YES;
				CLANG_ENABLE_OBJC_ARC = YES;
				CLANG_ENABLE_OBJC_WEAK = YES;
				CLANG_WARN_BLOCK_CAPTURE_AUTORELEASING = YES;
				CLANG_WARN_BOOL_CONVERSION = YES;
				CLANG_WARN_COMMA = YES;
				CLANG_WARN_CONSTANT_CONVERSION = YES;
				CLANG_WARN_DEPRECATED_OBJC_IMPLEMENTATIONS = YES;
				CLANG_WARN_DIRECT_OBJC_ISA_USAGE = YES_ERROR;
				CLANG_WARN_DOCUMENTATION_COMMENTS = YES;
				CLANG_WARN_EMPTY_BODY = YES;
				CLANG_WARN_ENUM_CONVERSION = YES;
				CLANG_WARN_INFINITE_RECURSION = YES;
				CLANG_WARN_INT_CONVERSION = YES;
				CLANG_WARN_NON_LITERAL_NULL_CONVERSION = YES;
				CLANG_WARN_OBJC_IMPLICIT_RETAIN_SELF = YES;
				CLANG_WARN_OBJC_LITERAL_CONVERSION = YES;
				CLANG_WARN_OBJC_ROOT_CLASS = YES_ERROR;
				CLANG_WARN_RANGE_LOOP_ANALYSIS = YES;
				CLANG_WARN_STRICT_PROTOTYPES = YES;
				CLANG_WARN_SUSPICIOUS_MOVE = YES;
				CLANG_WARN_UNGUARDED_AVAILABILITY = YES_AGGRESSIVE;
				CLANG_WARN_UNREACHABLE_CODE = YES;
				CLANG_WARN__DUPLICATE_METHOD_MATCH = YES;
				COPY_PHASE_STRIP = NO;
				DEBUG_INFORMATION_FORMAT = dwarf;
				ENABLE_STRICT_OBJC_MSGSEND = YES;
				ENABLE_TESTABILITY = YES;
				GCC_C_LANGUAGE_STANDARD = gnu11;
				GCC_DYNAMIC_NO_PIC = NO;
				GCC_NO_COMMON_BLOCKS = YES;
				GCC_OPTIMIZATION_LEVEL = 0;
				GCC_PREPROCESSOR_DEFINITIONS = (
					"DEBUG=1",
					"$(inherited)",
				);
				GCC_WARN_64_TO_32_BIT_CONVERSION = YES;
				GCC_WARN_ABOUT_RETURN_TYPE = YES_ERROR;
				GCC_WARN_UNDECLARED_SELECTOR = YES;
				GCC_WARN_UNINITIALIZED_AUTOS = YES_AGGRESSIVE;
				GCC_WARN_UNUSED_FUNCTION = YES;
				GCC_WARN_UNUSED_VARIABLE = YES;
				IPHONEOS_DEPLOYMENT_TARGET = 13.5;
				MTL_ENABLE_DEBUG_INFO = INCLUDE_SOURCE;
				MTL_FAST_MATH = YES;
				ONLY_ACTIVE_ARCH = YES;
				SDKROOT = iphoneos;
				SWIFT_ACTIVE_COMPILATION_CONDITIONS = DEBUG;
				SWIFT_OPTIMIZATION_LEVEL = "-Onone";
			};
			name = Debug;
		};
		EDD9979824DA1F1A00B88B28 /* Release */ = {
			isa = XCBuildConfiguration;
			buildSettings = {
				ALWAYS_SEARCH_USER_PATHS = NO;
				CLANG_ANALYZER_NONNULL = YES;
				CLANG_ANALYZER_NUMBER_OBJECT_CONVERSION = YES_AGGRESSIVE;
				CLANG_CXX_LANGUAGE_STANDARD = "gnu++14";
				CLANG_CXX_LIBRARY = "libc++";
				CLANG_ENABLE_MODULES = YES;
				CLANG_ENABLE_OBJC_ARC = YES;
				CLANG_ENABLE_OBJC_WEAK = YES;
				CLANG_WARN_BLOCK_CAPTURE_AUTORELEASING = YES;
				CLANG_WARN_BOOL_CONVERSION = YES;
				CLANG_WARN_COMMA = YES;
				CLANG_WARN_CONSTANT_CONVERSION = YES;
				CLANG_WARN_DEPRECATED_OBJC_IMPLEMENTATIONS = YES;
				CLANG_WARN_DIRECT_OBJC_ISA_USAGE = YES_ERROR;
				CLANG_WARN_DOCUMENTATION_COMMENTS = YES;
				CLANG_WARN_EMPTY_BODY = YES;
				CLANG_WARN_ENUM_CONVERSION = YES;
				CLANG_WARN_INFINITE_RECURSION = YES;
				CLANG_WARN_INT_CONVERSION = YES;
				CLANG_WARN_NON_LITERAL_NULL_CONVERSION = YES;
				CLANG_WARN_OBJC_IMPLICIT_RETAIN_SELF = YES;
				CLANG_WARN_OBJC_LITERAL_CONVERSION = YES;
				CLANG_WARN_OBJC_ROOT_CLASS = YES_ERROR;
				CLANG_WARN_RANGE_LOOP_ANALYSIS = YES;
				CLANG_WARN_STRICT_PROTOTYPES = YES;
				CLANG_WARN_SUSPICIOUS_MOVE = YES;
				CLANG_WARN_UNGUARDED_AVAILABILITY = YES_AGGRESSIVE;
				CLANG_WARN_UNREACHABLE_CODE = YES;
				CLANG_WARN__DUPLICATE_METHOD_MATCH = YES;
				COPY_PHASE_STRIP = NO;
				DEBUG_INFORMATION_FORMAT = "dwarf-with-dsym";
				ENABLE_NS_ASSERTIONS = NO;
				ENABLE_STRICT_OBJC_MSGSEND = YES;
				GCC_C_LANGUAGE_STANDARD = gnu11;
				GCC_NO_COMMON_BLOCKS = YES;
				GCC_WARN_64_TO_32_BIT_CONVERSION = YES;
				GCC_WARN_ABOUT_RETURN_TYPE = YES_ERROR;
				GCC_WARN_UNDECLARED_SELECTOR = YES;
				GCC_WARN_UNINITIALIZED_AUTOS = YES_AGGRESSIVE;
				GCC_WARN_UNUSED_FUNCTION = YES;
				GCC_WARN_UNUSED_VARIABLE = YES;
				IPHONEOS_DEPLOYMENT_TARGET = 13.5;
				MTL_ENABLE_DEBUG_INFO = NO;
				MTL_FAST_MATH = YES;
				SDKROOT = iphoneos;
				SWIFT_COMPILATION_MODE = wholemodule;
				SWIFT_OPTIMIZATION_LEVEL = "-O";
				VALIDATE_PRODUCT = YES;
			};
			name = Release;
		};
		EDD9979A24DA1F1A00B88B28 /* Debug */ = {
			isa = XCBuildConfiguration;
			baseConfigurationReference = D393D784A9163F42D3080E4E /* Pods-ChatOfMiddleEarth.debug.xcconfig */;
			buildSettings = {
				ASSETCATALOG_COMPILER_APPICON_NAME = AppIcon;
				CODE_SIGN_IDENTITY = "Apple Development";
				CODE_SIGN_STYLE = Automatic;
				DEVELOPMENT_TEAM = 86RABURUKS;
				INFOPLIST_FILE = ChatOfMiddleEarth/Info.plist;
				IPHONEOS_DEPLOYMENT_TARGET = 11.0;
				LD_RUNPATH_SEARCH_PATHS = (
					"$(inherited)",
					"@executable_path/Frameworks",
				);
				PRODUCT_BUNDLE_IDENTIFIER = guimbo.ChatOfMiddleEarth;
				PRODUCT_NAME = "$(TARGET_NAME)";
				PROVISIONING_PROFILE_SPECIFIER = "";
				SWIFT_VERSION = 5.0;
				TARGETED_DEVICE_FAMILY = 1;
			};
			name = Debug;
		};
		EDD9979B24DA1F1A00B88B28 /* Release */ = {
			isa = XCBuildConfiguration;
			baseConfigurationReference = FDBBF43BFFCF23818D9314CB /* Pods-ChatOfMiddleEarth.release.xcconfig */;
			buildSettings = {
				ASSETCATALOG_COMPILER_APPICON_NAME = AppIcon;
				CODE_SIGN_IDENTITY = "Apple Development";
				CODE_SIGN_STYLE = Automatic;
				DEVELOPMENT_TEAM = 86RABURUKS;
				INFOPLIST_FILE = ChatOfMiddleEarth/Info.plist;
				IPHONEOS_DEPLOYMENT_TARGET = 11.0;
				LD_RUNPATH_SEARCH_PATHS = (
					"$(inherited)",
					"@executable_path/Frameworks",
				);
				PRODUCT_BUNDLE_IDENTIFIER = guimbo.ChatOfMiddleEarth;
				PRODUCT_NAME = "$(TARGET_NAME)";
				PROVISIONING_PROFILE_SPECIFIER = "";
				SWIFT_VERSION = 5.0;
				TARGETED_DEVICE_FAMILY = 1;
			};
			name = Release;
		};
/* End XCBuildConfiguration section */

/* Begin XCConfigurationList section */
		EDD9978024DA1F1400B88B28 /* Build configuration list for PBXProject "ChatOfMiddleEarth" */ = {
			isa = XCConfigurationList;
			buildConfigurations = (
				EDD9979724DA1F1A00B88B28 /* Debug */,
				EDD9979824DA1F1A00B88B28 /* Release */,
			);
			defaultConfigurationIsVisible = 0;
			defaultConfigurationName = Release;
		};
		EDD9979924DA1F1A00B88B28 /* Build configuration list for PBXNativeTarget "ChatOfMiddleEarth" */ = {
			isa = XCConfigurationList;
			buildConfigurations = (
				EDD9979A24DA1F1A00B88B28 /* Debug */,
				EDD9979B24DA1F1A00B88B28 /* Release */,
			);
			defaultConfigurationIsVisible = 0;
			defaultConfigurationName = Release;
		};
/* End XCConfigurationList section */
	};
	rootObject = EDD9977D24DA1F1400B88B28 /* Project object */;
}
